
Microsoft Visual Studio Solution File, Format Version 12.00
# Visual Studio Version 17
VisualStudioVersion = 17.1.32328.378
MinimumVisualStudioVersion = 10.0.40219.1
Project("{9A19103F-16F7-4668-BE54-9A1E7A4F7556}") = "Api", "WebApi2\Api.csproj", "{F91EB4DD-761D-4353-9AA3-4F84B24FE6D5}"
EndProject
Project("{FAE04EC0-301F-11D3-BF4B-00C04F79EFBC}") = "Library", "Library\Library.csproj", "{DCFFFA01-E7BE-4245-A876-EDE36208034E}"
EndProject
Global
	GlobalSection(SolutionConfigurationPlatforms) = preSolution
		Debug|Any CPU = Debug|Any CPU
		Release|Any CPU = Release|Any CPU
	EndGlobalSection
	GlobalSection(ProjectConfigurationPlatforms) = postSolution
		{F91EB4DD-761D-4353-9AA3-4F84B24FE6D5}.Debug|Any CPU.ActiveCfg = Debug|Any CPU
		{F91EB4DD-761D-4353-9AA3-4F84B24FE6D5}.Debug|Any CPU.Build.0 = Debug|Any CPU
		{F91EB4DD-761D-4353-9AA3-4F84B24FE6D5}.Release|Any CPU.ActiveCfg = Release|Any CPU
		{F91EB4DD-761D-4353-9AA3-4F84B24FE6D5}.Release|Any CPU.Build.0 = Release|Any CPU
		{DCFFFA01-E7BE-4245-A876-EDE36208034E}.Debug|Any CPU.ActiveCfg = Debug|Any CPU
		{DCFFFA01-E7BE-4245-A876-EDE36208034E}.Debug|Any CPU.Build.0 = Debug|Any CPU
		{DCFFFA01-E7BE-4245-A876-EDE36208034E}.Release|Any CPU.ActiveCfg = Release|Any CPU
		{DCFFFA01-E7BE-4245-A876-EDE36208034E}.Release|Any CPU.Build.0 = Release|Any CPU
	EndGlobalSection
	GlobalSection(SolutionProperties) = preSolution
		HideSolutionNode = FALSE
	EndGlobalSection
	GlobalSection(ExtensibilityGlobals) = postSolution
		SolutionGuid = {F339EB00-F342-4D39-AFEE-210174BB0F80}
	EndGlobalSection
EndGlobal
