
Microsoft Visual Studio Solution File, Format Version 12.00
# Visual Studio Version 17
VisualStudioVersion = 17.1.32328.378
MinimumVisualStudioVersion = 10.0.40219.1
Project("{FAE04EC0-301F-11D3-BF4B-00C04F79EFBC}") = "WebApi1", "WebApi1\WebApi1.csproj", "{F9379DDC-4EE0-494A-BC8E-2846D5D733CA}"
EndProject
Global
	GlobalSection(SolutionConfigurationPlatforms) = preSolution
		Debug|Any CPU = Debug|Any CPU
		Release|Any CPU = Release|Any CPU
	EndGlobalSection
	GlobalSection(ProjectConfigurationPlatforms) = postSolution
		{F9379DDC-4EE0-494A-BC8E-2846D5D733CA}.Debug|Any CPU.ActiveCfg = Debug|Any CPU
		{F9379DDC-4EE0-494A-BC8E-2846D5D733CA}.Debug|Any CPU.Build.0 = Debug|Any CPU
		{F9379DDC-4EE0-494A-BC8E-2846D5D733CA}.Release|Any CPU.ActiveCfg = Release|Any CPU
		{F9379DDC-4EE0-494A-BC8E-2846D5D733CA}.Release|Any CPU.Build.0 = Release|Any CPU
	EndGlobalSection
	GlobalSection(SolutionProperties) = preSolution
		HideSolutionNode = FALSE
	EndGlobalSection
	GlobalSection(ExtensibilityGlobals) = postSolution
		SolutionGuid = {2D642A4B-784B-4877-BDC5-C39D4B4940F3}
	EndGlobalSection
EndGlobal
