
Microsoft Visual Studio Solution File, Format Version 12.00
# Visual Studio Version 17
VisualStudioVersion = 17.1.32328.378
MinimumVisualStudioVersion = 10.0.40219.1
Project("{9A19103F-16F7-4668-BE54-9A1E7A4F7556}") = "Api", "WebApi1\Api.csproj", "{DA68642D-24C7-4F0A-8A7F-0ADC646B4B5D}"
EndProject
Project("{FAE04EC0-301F-11D3-BF4B-00C04F79EFBC}") = "Library", "Library\Library.csproj", "{A08A1F1F-529A-47E1-8387-AD48DF8998A5}"
EndProject
Global
	GlobalSection(SolutionConfigurationPlatforms) = preSolution
		Debug|Any CPU = Debug|Any CPU
		Release|Any CPU = Release|Any CPU
	EndGlobalSection
	GlobalSection(ProjectConfigurationPlatforms) = postSolution
		{DA68642D-24C7-4F0A-8A7F-0ADC646B4B5D}.Debug|Any CPU.ActiveCfg = Debug|Any CPU
		{DA68642D-24C7-4F0A-8A7F-0ADC646B4B5D}.Debug|Any CPU.Build.0 = Debug|Any CPU
		{DA68642D-24C7-4F0A-8A7F-0ADC646B4B5D}.Release|Any CPU.ActiveCfg = Release|Any CPU
		{DA68642D-24C7-4F0A-8A7F-0ADC646B4B5D}.Release|Any CPU.Build.0 = Release|Any CPU
		{A08A1F1F-529A-47E1-8387-AD48DF8998A5}.Debug|Any CPU.ActiveCfg = Debug|Any CPU
		{A08A1F1F-529A-47E1-8387-AD48DF8998A5}.Debug|Any CPU.Build.0 = Debug|Any CPU
		{A08A1F1F-529A-47E1-8387-AD48DF8998A5}.Release|Any CPU.ActiveCfg = Release|Any CPU
		{A08A1F1F-529A-47E1-8387-AD48DF8998A5}.Release|Any CPU.Build.0 = Release|Any CPU
	EndGlobalSection
	GlobalSection(SolutionProperties) = preSolution
		HideSolutionNode = FALSE
	EndGlobalSection
	GlobalSection(ExtensibilityGlobals) = postSolution
		SolutionGuid = {2D642A4B-784B-4877-BDC5-C39D4B4940F3}
	EndGlobalSection
EndGlobal
