
Microsoft Visual Studio Solution File, Format Version 12.00
# Visual Studio Version 17
VisualStudioVersion = 17.1.32328.378
MinimumVisualStudioVersion = 10.0.40219.1
Project("{9A19103F-16F7-4668-BE54-9A1E7A4F7556}") = "Runner", "Runner.csproj", "{DBD6FC82-CBE3-4311-B7BD-D0DE73B9FAB5}"
EndProject
Project("{9A19103F-16F7-4668-BE54-9A1E7A4F7556}") = "WebApi1", "..\Apis\WebApi1\WebApi1\WebApi1.csproj", "{51A9C2BF-C407-4B37-AAA3-DA1F12BF0261}"
EndProject
Project("{9A19103F-16F7-4668-BE54-9A1E7A4F7556}") = "WebApi2", "..\Apis\WebApi2\WebApi2\WebApi2.csproj", "{91A88FA0-09FB-4DC8-9394-8B0F4B1B9B4A}"
EndProject
Project("{2150E333-8FDC-42A3-9474-1A3956D46DE8}") = "Api1", "Api1", "{537184F1-D975-41C4-94AF-68DD7E66A4FF}"
EndProject
Project("{2150E333-8FDC-42A3-9474-1A3956D46DE8}") = "Api2", "Api2", "{5AC6E329-6E04-48DA-A3DC-F97C03F75528}"
EndProject
Global
	GlobalSection(SolutionConfigurationPlatforms) = preSolution
		Debug|Any CPU = Debug|Any CPU
		Release|Any CPU = Release|Any CPU
	EndGlobalSection
	GlobalSection(ProjectConfigurationPlatforms) = postSolution
		{DBD6FC82-CBE3-4311-B7BD-D0DE73B9FAB5}.Debug|Any CPU.ActiveCfg = Debug|Any CPU
		{DBD6FC82-CBE3-4311-B7BD-D0DE73B9FAB5}.Debug|Any CPU.Build.0 = Debug|Any CPU
		{DBD6FC82-CBE3-4311-B7BD-D0DE73B9FAB5}.Release|Any CPU.ActiveCfg = Release|Any CPU
		{DBD6FC82-CBE3-4311-B7BD-D0DE73B9FAB5}.Release|Any CPU.Build.0 = Release|Any CPU
		{51A9C2BF-C407-4B37-AAA3-DA1F12BF0261}.Debug|Any CPU.ActiveCfg = Debug|Any CPU
		{51A9C2BF-C407-4B37-AAA3-DA1F12BF0261}.Debug|Any CPU.Build.0 = Debug|Any CPU
		{51A9C2BF-C407-4B37-AAA3-DA1F12BF0261}.Release|Any CPU.ActiveCfg = Release|Any CPU
		{51A9C2BF-C407-4B37-AAA3-DA1F12BF0261}.Release|Any CPU.Build.0 = Release|Any CPU
		{91A88FA0-09FB-4DC8-9394-8B0F4B1B9B4A}.Debug|Any CPU.ActiveCfg = Debug|Any CPU
		{91A88FA0-09FB-4DC8-9394-8B0F4B1B9B4A}.Debug|Any CPU.Build.0 = Debug|Any CPU
		{91A88FA0-09FB-4DC8-9394-8B0F4B1B9B4A}.Release|Any CPU.ActiveCfg = Release|Any CPU
		{91A88FA0-09FB-4DC8-9394-8B0F4B1B9B4A}.Release|Any CPU.Build.0 = Release|Any CPU
	EndGlobalSection
	GlobalSection(SolutionProperties) = preSolution
		HideSolutionNode = FALSE
	EndGlobalSection
	GlobalSection(NestedProjects) = preSolution
		{51A9C2BF-C407-4B37-AAA3-DA1F12BF0261} = {537184F1-D975-41C4-94AF-68DD7E66A4FF}
		{91A88FA0-09FB-4DC8-9394-8B0F4B1B9B4A} = {5AC6E329-6E04-48DA-A3DC-F97C03F75528}
	EndGlobalSection
	GlobalSection(ExtensibilityGlobals) = postSolution
		SolutionGuid = {0A21164E-7BB1-4DD4-9231-C9E9A1861001}
	EndGlobalSection
EndGlobal
